
Microsoft Visual Studio Solution File, Format Version 12.00
# Visual Studio 14
VisualStudioVersion = 14.0.25420.1
MinimumVisualStudioVersion = 10.0.40219.1
Project("{FAE04EC0-301F-11D3-BF4B-00C04F79EFBC}") = "Task02", "Task02\Task02.csproj", "{F29420B0-E568-4D90-A656-9451F3600284}"
EndProject
Global
	GlobalSection(SolutionConfigurationPlatforms) = preSolution
		Debug|Any CPU = Debug|Any CPU
		Release|Any CPU = Release|Any CPU
	EndGlobalSection
	GlobalSection(ProjectConfigurationPlatforms) = postSolution
		{F29420B0-E568-4D90-A656-9451F3600284}.Debug|Any CPU.ActiveCfg = Debug|Any CPU
		{F29420B0-E568-4D90-A656-9451F3600284}.Debug|Any CPU.Build.0 = Debug|Any CPU
		{F29420B0-E568-4D90-A656-9451F3600284}.Release|Any CPU.ActiveCfg = Release|Any CPU
		{F29420B0-E568-4D90-A656-9451F3600284}.Release|Any CPU.Build.0 = Release|Any CPU
	EndGlobalSection
	GlobalSection(SolutionProperties) = preSolution
		HideSolutionNode = FALSE
	EndGlobalSection
EndGlobal
